
Microsoft Visual Studio Solution File, Format Version 12.00
# Visual Studio Version 17
VisualStudioVersion = 17.7.34003.232
MinimumVisualStudioVersion = 10.0.40219.1
Project("{2150E333-8FDC-42A3-9474-1A3956D46DE8}") = "ApiConsume", "ApiConsume", "{70ED66FA-A26A-4BD3-9844-9CCD66C2342E}"
EndProject
Project("{2150E333-8FDC-42A3-9474-1A3956D46DE8}") = "Frontend", "Frontend", "{24639976-F5B9-4DDB-8989-9670F3929559}"
EndProject
Project("{2150E333-8FDC-42A3-9474-1A3956D46DE8}") = "ToDoList", "ToDoList", "{8C8EB564-805C-4A66-8FA1-BB7094E8612C}"
	ProjectSection(SolutionItems) = preProject
		Adımlar.txt = Adımlar.txt
	EndProjectSection
EndProject
Project("{9A19103F-16F7-4668-BE54-9A1E7A4F7556}") = "HotelProject.WebApi", "ApiConsume\HotelProject.WebApi\HotelProject.WebApi.csproj", "{CD1198F2-6E75-40C3-A7FB-FA83CAE7FE43}"
EndProject
Project("{9A19103F-16F7-4668-BE54-9A1E7A4F7556}") = "HotelProject.EntityLayer", "ApiConsume\HotelProject.EntityLayer\HotelProject.EntityLayer.csproj", "{B5116FE0-BC00-4E99-A23D-B043C8C1CBE5}"
EndProject
Project("{9A19103F-16F7-4668-BE54-9A1E7A4F7556}") = "HotelProject.DataAccessLayer", "ApiConsume\HotelProject.DataAccessLayer\HotelProject.DataAccessLayer.csproj", "{AD94DFBC-8A14-4707-B4AD-F528659CE3C3}"
EndProject
Project("{9A19103F-16F7-4668-BE54-9A1E7A4F7556}") = "HotelProject.BusinessLayer", "ApiConsume\HotelProject.BusinessLayer\HotelProject.BusinessLayer.csproj", "{F745E29D-D438-4C0A-930B-BAD51F621FEB}"
EndProject
Project("{9A19103F-16F7-4668-BE54-9A1E7A4F7556}") = "HotelProject.DtoLayer", "ApiConsume\HotelProject.DtoLayer\HotelProject.DtoLayer.csproj", "{530A9D81-5DD6-4CFC-A32F-128E4133B2AF}"
EndProject
Project("{9A19103F-16F7-4668-BE54-9A1E7A4F7556}") = "HotelProject.WebUI", "Frontend\HotelProject.WebUI\HotelProject.WebUI.csproj", "{FE58CD81-5F94-484A-9125-DFC21A6C8625}"
EndProject
Project("{2150E333-8FDC-42A3-9474-1A3956D46DE8}") = "RapidApi", "RapidApi", "{02EA681E-C7D8-13C7-8484-4AC65E1B71E8}"
EndProject
Project("{FAE04EC0-301F-11D3-BF4B-00C04F79EFBC}") = "RapidApiConsume", "RapidApi\RapidApiConsume\RapidApiConsume.csproj", "{EF8BBAC5-4B9A-4C71-ABB2-F844F4ACF456}"
EndProject
Project("{2150E333-8FDC-42A3-9474-1A3956D46DE8}") = "JwtProject", "JwtProject", "{54974EF6-8F38-46CB-A5D1-5B898443F51A}"
EndProject
Project("{FAE04EC0-301F-11D3-BF4B-00C04F79EFBC}") = "WebApiJwt", "JwtProject\WebApiJwt\WebApiJwt.csproj", "{78192B71-2403-4835-A12A-9949AF9FE544}"
EndProject
Global
	GlobalSection(SolutionConfigurationPlatforms) = preSolution
		Debug|Any CPU = Debug|Any CPU
		Release|Any CPU = Release|Any CPU
	EndGlobalSection
	GlobalSection(ProjectConfigurationPlatforms) = postSolution
		{CD1198F2-6E75-40C3-A7FB-FA83CAE7FE43}.Debug|Any CPU.ActiveCfg = Debug|Any CPU
		{CD1198F2-6E75-40C3-A7FB-FA83CAE7FE43}.Debug|Any CPU.Build.0 = Debug|Any CPU
		{CD1198F2-6E75-40C3-A7FB-FA83CAE7FE43}.Release|Any CPU.ActiveCfg = Release|Any CPU
		{CD1198F2-6E75-40C3-A7FB-FA83CAE7FE43}.Release|Any CPU.Build.0 = Release|Any CPU
		{B5116FE0-BC00-4E99-A23D-B043C8C1CBE5}.Debug|Any CPU.ActiveCfg = Debug|Any CPU
		{B5116FE0-BC00-4E99-A23D-B043C8C1CBE5}.Debug|Any CPU.Build.0 = Debug|Any CPU
		{B5116FE0-BC00-4E99-A23D-B043C8C1CBE5}.Release|Any CPU.ActiveCfg = Release|Any CPU
		{B5116FE0-BC00-4E99-A23D-B043C8C1CBE5}.Release|Any CPU.Build.0 = Release|Any CPU
		{AD94DFBC-8A14-4707-B4AD-F528659CE3C3}.Debug|Any CPU.ActiveCfg = Debug|Any CPU
		{AD94DFBC-8A14-4707-B4AD-F528659CE3C3}.Debug|Any CPU.Build.0 = Debug|Any CPU
		{AD94DFBC-8A14-4707-B4AD-F528659CE3C3}.Release|Any CPU.ActiveCfg = Release|Any CPU
		{AD94DFBC-8A14-4707-B4AD-F528659CE3C3}.Release|Any CPU.Build.0 = Release|Any CPU
		{F745E29D-D438-4C0A-930B-BAD51F621FEB}.Debug|Any CPU.ActiveCfg = Debug|Any CPU
		{F745E29D-D438-4C0A-930B-BAD51F621FEB}.Debug|Any CPU.Build.0 = Debug|Any CPU
		{F745E29D-D438-4C0A-930B-BAD51F621FEB}.Release|Any CPU.ActiveCfg = Release|Any CPU
		{F745E29D-D438-4C0A-930B-BAD51F621FEB}.Release|Any CPU.Build.0 = Release|Any CPU
		{530A9D81-5DD6-4CFC-A32F-128E4133B2AF}.Debug|Any CPU.ActiveCfg = Debug|Any CPU
		{530A9D81-5DD6-4CFC-A32F-128E4133B2AF}.Debug|Any CPU.Build.0 = Debug|Any CPU
		{530A9D81-5DD6-4CFC-A32F-128E4133B2AF}.Release|Any CPU.ActiveCfg = Release|Any CPU
		{530A9D81-5DD6-4CFC-A32F-128E4133B2AF}.Release|Any CPU.Build.0 = Release|Any CPU
		{FE58CD81-5F94-484A-9125-DFC21A6C8625}.Debug|Any CPU.ActiveCfg = Debug|Any CPU
		{FE58CD81-5F94-484A-9125-DFC21A6C8625}.Debug|Any CPU.Build.0 = Debug|Any CPU
		{FE58CD81-5F94-484A-9125-DFC21A6C8625}.Release|Any CPU.ActiveCfg = Release|Any CPU
		{FE58CD81-5F94-484A-9125-DFC21A6C8625}.Release|Any CPU.Build.0 = Release|Any CPU
		{EF8BBAC5-4B9A-4C71-ABB2-F844F4ACF456}.Debug|Any CPU.ActiveCfg = Debug|Any CPU
		{EF8BBAC5-4B9A-4C71-ABB2-F844F4ACF456}.Debug|Any CPU.Build.0 = Debug|Any CPU
		{EF8BBAC5-4B9A-4C71-ABB2-F844F4ACF456}.Release|Any CPU.ActiveCfg = Release|Any CPU
		{EF8BBAC5-4B9A-4C71-ABB2-F844F4ACF456}.Release|Any CPU.Build.0 = Release|Any CPU
		{78192B71-2403-4835-A12A-9949AF9FE544}.Debug|Any CPU.ActiveCfg = Debug|Any CPU
		{78192B71-2403-4835-A12A-9949AF9FE544}.Debug|Any CPU.Build.0 = Debug|Any CPU
		{78192B71-2403-4835-A12A-9949AF9FE544}.Release|Any CPU.ActiveCfg = Release|Any CPU
		{78192B71-2403-4835-A12A-9949AF9FE544}.Release|Any CPU.Build.0 = Release|Any CPU
	EndGlobalSection
	GlobalSection(SolutionProperties) = preSolution
		HideSolutionNode = FALSE
	EndGlobalSection
	GlobalSection(NestedProjects) = preSolution
		{CD1198F2-6E75-40C3-A7FB-FA83CAE7FE43} = {70ED66FA-A26A-4BD3-9844-9CCD66C2342E}
		{B5116FE0-BC00-4E99-A23D-B043C8C1CBE5} = {70ED66FA-A26A-4BD3-9844-9CCD66C2342E}
		{AD94DFBC-8A14-4707-B4AD-F528659CE3C3} = {70ED66FA-A26A-4BD3-9844-9CCD66C2342E}
		{F745E29D-D438-4C0A-930B-BAD51F621FEB} = {70ED66FA-A26A-4BD3-9844-9CCD66C2342E}
		{530A9D81-5DD6-4CFC-A32F-128E4133B2AF} = {70ED66FA-A26A-4BD3-9844-9CCD66C2342E}
		{FE58CD81-5F94-484A-9125-DFC21A6C8625} = {24639976-F5B9-4DDB-8989-9670F3929559}
		{EF8BBAC5-4B9A-4C71-ABB2-F844F4ACF456} = {02EA681E-C7D8-13C7-8484-4AC65E1B71E8}
		{78192B71-2403-4835-A12A-9949AF9FE544} = {54974EF6-8F38-46CB-A5D1-5B898443F51A}
	EndGlobalSection
	GlobalSection(ExtensibilityGlobals) = postSolution
		SolutionGuid = {187107E9-CB90-4B25-A627-3813E91ECFFA}
	EndGlobalSection
EndGlobal
